
Microsoft Visual Studio Solution File, Format Version 12.00
# Visual Studio Version 16
VisualStudioVersion = 16.0.33801.447
MinimumVisualStudioVersion = 10.0.40219.1
Project("{FAE04EC0-301F-11D3-BF4B-00C04F79EFBC}") = "EncryptDecrypt", "EncryptDecrypt\EncryptDecrypt.csproj", "{C495DE8F-4A3E-4767-80A6-5C1B4F704767}"
EndProject
Global
	GlobalSection(SolutionConfigurationPlatforms) = preSolution
		Debug|Any CPU = Debug|Any CPU
		Release|Any CPU = Release|Any CPU
	EndGlobalSection
	GlobalSection(ProjectConfigurationPlatforms) = postSolution
		{C495DE8F-4A3E-4767-80A6-5C1B4F704767}.Debug|Any CPU.ActiveCfg = Debug|Any CPU
		{C495DE8F-4A3E-4767-80A6-5C1B4F704767}.Debug|Any CPU.Build.0 = Debug|Any CPU
		{C495DE8F-4A3E-4767-80A6-5C1B4F704767}.Release|Any CPU.ActiveCfg = Release|Any CPU
		{C495DE8F-4A3E-4767-80A6-5C1B4F704767}.Release|Any CPU.Build.0 = Release|Any CPU
	EndGlobalSection
	GlobalSection(SolutionProperties) = preSolution
		HideSolutionNode = FALSE
	EndGlobalSection
	GlobalSection(ExtensibilityGlobals) = postSolution
		SolutionGuid = {97A4B3B2-7409-4EE3-8C02-2CC544254B4D}
	EndGlobalSection
EndGlobal
